
Microsoft Visual Studio Solution File, Format Version 12.00
# Visual Studio Version 17
VisualStudioVersion = 17.4.33213.308
MinimumVisualStudioVersion = 10.0.40219.1
Project("{FAE04EC0-301F-11D3-BF4B-00C04F79EFBC}") = "Stok_Takip_Programı", "Stok_Takip_Programı\Stok_Takip_Programı.csproj", "{58AF38E3-09BA-4354-98D7-A4C8795CE679}"
EndProject
Global
	GlobalSection(SolutionConfigurationPlatforms) = preSolution
		Debug|Any CPU = Debug|Any CPU
		Release|Any CPU = Release|Any CPU
	EndGlobalSection
	GlobalSection(ProjectConfigurationPlatforms) = postSolution
		{58AF38E3-09BA-4354-98D7-A4C8795CE679}.Debug|Any CPU.ActiveCfg = Debug|Any CPU
		{58AF38E3-09BA-4354-98D7-A4C8795CE679}.Debug|Any CPU.Build.0 = Debug|Any CPU
		{58AF38E3-09BA-4354-98D7-A4C8795CE679}.Release|Any CPU.ActiveCfg = Release|Any CPU
		{58AF38E3-09BA-4354-98D7-A4C8795CE679}.Release|Any CPU.Build.0 = Release|Any CPU
	EndGlobalSection
	GlobalSection(SolutionProperties) = preSolution
		HideSolutionNode = FALSE
	EndGlobalSection
	GlobalSection(ExtensibilityGlobals) = postSolution
		SolutionGuid = {1BD823A0-152C-478E-BEBF-5BCA98164448}
	EndGlobalSection
EndGlobal
